// !$*UTF8*$!
{
	archiveVersion = 1;
	classes = {
	};
	objectVersion = 48;
	objects = {

/* Begin PBXBuildFile section */
		03C0B9C720A49FAF00FF9665 /* AppDelegate.swift in Sources */ = {isa = PBXBuildFile; fileRef = 03C0B9C620A49FAF00FF9665 /* AppDelegate.swift */; };
		03C0B9C920A49FAF00FF9665 /* ViewController.swift in Sources */ = {isa = PBXBuildFile; fileRef = 03C0B9C820A49FAF00FF9665 /* ViewController.swift */; };
		03C0B9CE20A49FAF00FF9665 /* Assets.xcassets in Resources */ = {isa = PBXBuildFile; fileRef = 03C0B9CD20A49FAF00FF9665 /* Assets.xcassets */; };
		03C0B9D120A49FAF00FF9665 /* LaunchScreen.storyboard in Resources */ = {isa = PBXBuildFile; fileRef = 03C0B9CF20A49FAF00FF9665 /* LaunchScreen.storyboard */; };
		03C0B9DE20A49FE200FF9665 /* WolfNetwork.swift in Sources */ = {isa = PBXBuildFile; fileRef = 03C0B9D920A49FE200FF9665 /* WolfNetwork.swift */; };
		03C0B9E120A49FE200FF9665 /* WolfTargetTypeDemo.swift in Sources */ = {isa = PBXBuildFile; fileRef = 03C0B9DD20A49FE200FF9665 /* WolfTargetTypeDemo.swift */; };
		03C0B9E620A4AC4300FF9665 /* WolfBaseModel.swift in Sources */ = {isa = PBXBuildFile; fileRef = 03C0B9E520A4AC4300FF9665 /* WolfBaseModel.swift */; };
		1C407E4224939763D6687A10 /* Pods_WolfNet.framework in Frameworks */ = {isa = PBXBuildFile; fileRef = F623F4094D3A406B9279280E /* Pods_WolfNet.framework */; };
/* End PBXBuildFile section */

/* Begin PBXFileReference section */
		03C0B9C320A49FAF00FF9665 /* WolfNet.app */ = {isa = PBXFileReference; explicitFileType = wrapper.application; includeInIndex = 0; path = WolfNet.app; sourceTree = BUILT_PRODUCTS_DIR; };
		03C0B9C620A49FAF00FF9665 /* AppDelegate.swift */ = {isa = PBXFileReference; lastKnownFileType = sourcecode.swift; path = AppDelegate.swift; sourceTree = "<group>"; };
		03C0B9C820A49FAF00FF9665 /* ViewController.swift */ = {isa = PBXFileReference; lastKnownFileType = sourcecode.swift; path = ViewController.swift; sourceTree = "<group>"; };
		03C0B9CD20A49FAF00FF9665 /* Assets.xcassets */ = {isa = PBXFileReference; lastKnownFileType = folder.assetcatalog; path = Assets.xcassets; sourceTree = "<group>"; };
		03C0B9D020A49FAF00FF9665 /* Base */ = {isa = PBXFileReference; lastKnownFileType = file.storyboard; name = Base; path = Base.lproj/LaunchScreen.storyboard; sourceTree = "<group>"; };
		03C0B9D220A49FAF00FF9665 /* Info.plist */ = {isa = PBXFileReference; lastKnownFileType = text.plist.xml; path = Info.plist; sourceTree = "<group>"; };
		03C0B9D920A49FE200FF9665 /* WolfNetwork.swift */ = {isa = PBXFileReference; fileEncoding = 4; lastKnownFileType = sourcecode.swift; path = WolfNetwork.swift; sourceTree = "<group>"; };
		03C0B9DD20A49FE200FF9665 /* WolfTargetTypeDemo.swift */ = {isa = PBXFileReference; fileEncoding = 4; lastKnownFileType = sourcecode.swift; path = WolfTargetTypeDemo.swift; sourceTree = "<group>"; };
		03C0B9E520A4AC4300FF9665 /* WolfBaseModel.swift */ = {isa = PBXFileReference; lastKnownFileType = sourcecode.swift; path = WolfBaseModel.swift; sourceTree = "<group>"; };
		4471E72519F8A049FD928526 /* Pods-WolfNet.release.xcconfig */ = {isa = PBXFileReference; includeInIndex = 1; lastKnownFileType = text.xcconfig; name = "Pods-WolfNet.release.xcconfig"; path = "Pods/Target Support Files/Pods-WolfNet/Pods-WolfNet.release.xcconfig"; sourceTree = "<group>"; };
		725DE3A506DB328A9F1EEECC /* Pods-WolfNet.debug.xcconfig */ = {isa = PBXFileReference; includeInIndex = 1; lastKnownFileType = text.xcconfig; name = "Pods-WolfNet.debug.xcconfig"; path = "Pods/Target Support Files/Pods-WolfNet/Pods-WolfNet.debug.xcconfig"; sourceTree = "<group>"; };
		F623F4094D3A406B9279280E /* Pods_WolfNet.framework */ = {isa = PBXFileReference; explicitFileType = wrapper.framework; includeInIndex = 0; path = Pods_WolfNet.framework; sourceTree = BUILT_PRODUCTS_DIR; };
/* End PBXFileReference section */

/* Begin PBXFrameworksBuildPhase section */
		03C0B9C020A49FAF00FF9665 /* Frameworks */ = {
			isa = PBXFrameworksBuildPhase;
			buildActionMask = 2147483647;
			files = (
				1C407E4224939763D6687A10 /* Pods_WolfNet.framework in Frameworks */,
			);
			runOnlyForDeploymentPostprocessing = 0;
		};
/* End PBXFrameworksBuildPhase section */

/* Begin PBXGroup section */
		03C0B9BA20A49FAF00FF9665 = {
			isa = PBXGroup;
			children = (
				03C0B9C520A49FAF00FF9665 /* WolfNet */,
				03C0B9C420A49FAF00FF9665 /* Products */,
				F6185143FE28E98E247E452B /* Pods */,
				CF51D6FD25A2993214832473 /* Frameworks */,
			);
			sourceTree = "<group>";
		};
		03C0B9C420A49FAF00FF9665 /* Products */ = {
			isa = PBXGroup;
			children = (
				03C0B9C320A49FAF00FF9665 /* WolfNet.app */,
			);
			name = Products;
			sourceTree = "<group>";
		};
		03C0B9C520A49FAF00FF9665 /* WolfNet */ = {
			isa = PBXGroup;
			children = (
				03C0B9C620A49FAF00FF9665 /* AppDelegate.swift */,
				03C0B9C820A49FAF00FF9665 /* ViewController.swift */,
				03C0B9DC20A49FE200FF9665 /* Demo */,
				03C0B9D820A49FE200FF9665 /* Wolf */,
				03C0B9CD20A49FAF00FF9665 /* Assets.xcassets */,
				03C0B9CF20A49FAF00FF9665 /* LaunchScreen.storyboard */,
				03C0B9D220A49FAF00FF9665 /* Info.plist */,
			);
			path = WolfNet;
			sourceTree = "<group>";
		};
		03C0B9D820A49FE200FF9665 /* Wolf */ = {
			isa = PBXGroup;
			children = (
				03C0B9D920A49FE200FF9665 /* WolfNetwork.swift */,
				03C0B9E520A4AC4300FF9665 /* WolfBaseModel.swift */,
			);
			path = Wolf;
			sourceTree = "<group>";
		};
		03C0B9DC20A49FE200FF9665 /* Demo */ = {
			isa = PBXGroup;
			children = (
				03C0B9DD20A49FE200FF9665 /* WolfTargetTypeDemo.swift */,
			);
			path = Demo;
			sourceTree = "<group>";
		};
		CF51D6FD25A2993214832473 /* Frameworks */ = {
			isa = PBXGroup;
			children = (
				F623F4094D3A406B9279280E /* Pods_WolfNet.framework */,
			);
			name = Frameworks;
			sourceTree = "<group>";
		};
		F6185143FE28E98E247E452B /* Pods */ = {
			isa = PBXGroup;
			children = (
				725DE3A506DB328A9F1EEECC /* Pods-WolfNet.debug.xcconfig */,
				4471E72519F8A049FD928526 /* Pods-WolfNet.release.xcconfig */,
			);
			name = Pods;
			sourceTree = "<group>";
		};
/* End PBXGroup section */

/* Begin PBXNativeTarget section */
		03C0B9C220A49FAF00FF9665 /* WolfNet */ = {
			isa = PBXNativeTarget;
			buildConfigurationList = 03C0B9D520A49FAF00FF9665 /* Build configuration list for PBXNativeTarget "WolfNet" */;
			buildPhases = (
				8D874139E70543957CEF2A1E /* [CP] Check Pods Manifest.lock */,
				03C0B9BF20A49FAF00FF9665 /* Sources */,
				03C0B9C020A49FAF00FF9665 /* Frameworks */,
				03C0B9C120A49FAF00FF9665 /* Resources */,
				5E5CEF533D0C6162A965A58D /* [CP] Embed Pods Frameworks */,
			);
			buildRules = (
			);
			dependencies = (
			);
			name = WolfNet;
			productName = WolfNet;
			productReference = 03C0B9C320A49FAF00FF9665 /* WolfNet.app */;
			productType = "com.apple.product-type.application";
		};
/* End PBXNativeTarget section */

/* Begin PBXProject section */
		03C0B9BB20A49FAF00FF9665 /* Project object */ = {
			isa = PBXProject;
			attributes = {
				LastSwiftUpdateCheck = 0920;
				LastUpgradeCheck = 0920;
				ORGANIZATIONNAME = Tony;
				TargetAttributes = {
					03C0B9C220A49FAF00FF9665 = {
						CreatedOnToolsVersion = 9.2;
						ProvisioningStyle = Automatic;
					};
				};
			};
			buildConfigurationList = 03C0B9BE20A49FAF00FF9665 /* Build configuration list for PBXProject "WolfNet" */;
			compatibilityVersion = "Xcode 8.0";
			developmentRegion = en;
			hasScannedForEncodings = 0;
			knownRegions = (
				en,
				Base,
			);
			mainGroup = 03C0B9BA20A49FAF00FF9665;
			productRefGroup = 03C0B9C420A49FAF00FF9665 /* Products */;
			projectDirPath = "";
			projectRoot = "";
			targets = (
				03C0B9C220A49FAF00FF9665 /* WolfNet */,
			);
		};
/* End PBXProject section */

/* Begin PBXResourcesBuildPhase section */
		03C0B9C120A49FAF00FF9665 /* Resources */ = {
			isa = PBXResourcesBuildPhase;
			buildActionMask = 2147483647;
			files = (
				03C0B9D120A49FAF00FF9665 /* LaunchScreen.storyboard in Resources */,
				03C0B9CE20A49FAF00FF9665 /* Assets.xcassets in Resources */,
			);
			runOnlyForDeploymentPostprocessing = 0;
		};
/* End PBXResourcesBuildPhase section */

/* Begin PBXShellScriptBuildPhase section */
		5E5CEF533D0C6162A965A58D /* [CP] Embed Pods Frameworks */ = {
			isa = PBXShellScriptBuildPhase;
			buildActionMask = 2147483647;
			files = (
			);
			inputPaths = (
				"${SRCROOT}/Pods/Target Support Files/Pods-WolfNet/Pods-WolfNet-frameworks.sh",
				"${BUILT_PRODUCTS_DIR}/Alamofire/Alamofire.framework",
				"${BUILT_PRODUCTS_DIR}/Moya/Moya.framework",
				"${BUILT_PRODUCTS_DIR}/Result/Result.framework",
			);
			name = "[CP] Embed Pods Frameworks";
			outputPaths = (
				"${TARGET_BUILD_DIR}/${FRAMEWORKS_FOLDER_PATH}/Alamofire.framework",
				"${TARGET_BUILD_DIR}/${FRAMEWORKS_FOLDER_PATH}/Moya.framework",
				"${TARGET_BUILD_DIR}/${FRAMEWORKS_FOLDER_PATH}/Result.framework",
			);
			runOnlyForDeploymentPostprocessing = 0;
			shellPath = /bin/sh;
			shellScript = "\"${SRCROOT}/Pods/Target Support Files/Pods-WolfNet/Pods-WolfNet-frameworks.sh\"\n";
			showEnvVarsInLog = 0;
		};
		8D874139E70543957CEF2A1E /* [CP] Check Pods Manifest.lock */ = {
			isa = PBXShellScriptBuildPhase;
			buildActionMask = 2147483647;
			files = (
			);
			inputPaths = (
				"${PODS_PODFILE_DIR_PATH}/Podfile.lock",
				"${PODS_ROOT}/Manifest.lock",
			);
			name = "[CP] Check Pods Manifest.lock";
			outputPaths = (
				"$(DERIVED_FILE_DIR)/Pods-WolfNet-checkManifestLockResult.txt",
			);
			runOnlyForDeploymentPostprocessing = 0;
			shellPath = /bin/sh;
			shellScript = "diff \"${PODS_PODFILE_DIR_PATH}/Podfile.lock\" \"${PODS_ROOT}/Manifest.lock\" > /dev/null\nif [ $? != 0 ] ; then\n    # print error to STDERR\n    echo \"error: The sandbox is not in sync with the Podfile.lock. Run 'pod install' or update your CocoaPods installation.\" >&2\n    exit 1\nfi\n# This output is used by Xcode 'outputs' to avoid re-running this script phase.\necho \"SUCCESS\" > \"${SCRIPT_OUTPUT_FILE_0}\"\n";
			showEnvVarsInLog = 0;
		};
/* End PBXShellScriptBuildPhase section */

/* Begin PBXSourcesBuildPhase section */
		03C0B9BF20A49FAF00FF9665 /* Sources */ = {
			isa = PBXSourcesBuildPhase;
			buildActionMask = 2147483647;
			files = (
				03C0B9C920A49FAF00FF9665 /* ViewController.swift in Sources */,
				03C0B9E620A4AC4300FF9665 /* WolfBaseModel.swift in Sources */,
				03C0B9DE20A49FE200FF9665 /* WolfNetwork.swift in Sources */,
				03C0B9E120A49FE200FF9665 /* WolfTargetTypeDemo.swift in Sources */,
				03C0B9C720A49FAF00FF9665 /* AppDelegate.swift in Sources */,
			);
			runOnlyForDeploymentPostprocessing = 0;
		};
/* End PBXSourcesBuildPhase section */

/* Begin PBXVariantGroup section */
		03C0B9CF20A49FAF00FF9665 /* LaunchScreen.storyboard */ = {
			isa = PBXVariantGroup;
			children = (
				03C0B9D020A49FAF00FF9665 /* Base */,
			);
			name = LaunchScreen.storyboard;
			sourceTree = "<group>";
		};
/* End PBXVariantGroup section */

/* Begin XCBuildConfiguration section */
		03C0B9D320A49FAF00FF9665 /* Debug */ = {
			isa = XCBuildConfiguration;
			buildSettings = {
				ALWAYS_SEARCH_USER_PATHS = NO;
				CLANG_ANALYZER_NONNULL = YES;
				CLANG_ANALYZER_NUMBER_OBJECT_CONVERSION = YES_AGGRESSIVE;
				CLANG_CXX_LANGUAGE_STANDARD = "gnu++14";
				CLANG_CXX_LIBRARY = "libc++";
				CLANG_ENABLE_MODULES = YES;
				CLANG_ENABLE_OBJC_ARC = YES;
				CLANG_WARN_BLOCK_CAPTURE_AUTORELEASING = YES;
				CLANG_WARN_BOOL_CONVERSION = YES;
				CLANG_WARN_COMMA = YES;
				CLANG_WARN_CONSTANT_CONVERSION = YES;
				CLANG_WARN_DIRECT_OBJC_ISA_USAGE = YES_ERROR;
				CLANG_WARN_DOCUMENTATION_COMMENTS = YES;
				CLANG_WARN_EMPTY_BODY = YES;
				CLANG_WARN_ENUM_CONVERSION = YES;
				CLANG_WARN_INFINITE_RECURSION = YES;
				CLANG_WARN_INT_CONVERSION = YES;
				CLANG_WARN_NON_LITERAL_NULL_CONVERSION = YES;
				CLANG_WARN_OBJC_LITERAL_CONVERSION = YES;
				CLANG_WARN_OBJC_ROOT_CLASS = YES_ERROR;
				CLANG_WARN_RANGE_LOOP_ANALYSIS = YES;
				CLANG_WARN_STRICT_PROTOTYPES = YES;
				CLANG_WARN_SUSPICIOUS_MOVE = YES;
				CLANG_WARN_UNGUARDED_AVAILABILITY = YES_AGGRESSIVE;
				CLANG_WARN_UNREACHABLE_CODE = YES;
				CLANG_WARN__DUPLICATE_METHOD_MATCH = YES;
				CODE_SIGN_IDENTITY = "iPhone Developer";
				COPY_PHASE_STRIP = NO;
				DEBUG_INFORMATION_FORMAT = dwarf;
				ENABLE_STRICT_OBJC_MSGSEND = YES;
				ENABLE_TESTABILITY = YES;
				GCC_C_LANGUAGE_STANDARD = gnu11;
				GCC_DYNAMIC_NO_PIC = NO;
				GCC_NO_COMMON_BLOCKS = YES;
				GCC_OPTIMIZATION_LEVEL = 0;
				GCC_PREPROCESSOR_DEFINITIONS = (
					"DEBUG=1",
					"$(inherited)",
				);
				GCC_WARN_64_TO_32_BIT_CONVERSION = YES;
				GCC_WARN_ABOUT_RETURN_TYPE = YES_ERROR;
				GCC_WARN_UNDECLARED_SELECTOR = YES;
				GCC_WARN_UNINITIALIZED_AUTOS = YES_AGGRESSIVE;
				GCC_WARN_UNUSED_FUNCTION = YES;
				GCC_WARN_UNUSED_VARIABLE = YES;
				IPHONEOS_DEPLOYMENT_TARGET = 9.0;
				MTL_ENABLE_DEBUG_INFO = YES;
				ONLY_ACTIVE_ARCH = YES;
				SDKROOT = iphoneos;
				SWIFT_ACTIVE_COMPILATION_CONDITIONS = DEBUG;
				SWIFT_OPTIMIZATION_LEVEL = "-Onone";
			};
			name = Debug;
		};
		03C0B9D420A49FAF00FF9665 /* Release */ = {
			isa = XCBuildConfiguration;
			buildSettings = {
				ALWAYS_SEARCH_USER_PATHS = NO;
				CLANG_ANALYZER_NONNULL = YES;
				CLANG_ANALYZER_NUMBER_OBJECT_CONVERSION = YES_AGGRESSIVE;
				CLANG_CXX_LANGUAGE_STANDARD = "gnu++14";
				CLANG_CXX_LIBRARY = "libc++";
				CLANG_ENABLE_MODULES = YES;
				CLANG_ENABLE_OBJC_ARC = YES;
				CLANG_WARN_BLOCK_CAPTURE_AUTORELEASING = YES;
				CLANG_WARN_BOOL_CONVERSION = YES;
				CLANG_WARN_COMMA = YES;
				CLANG_WARN_CONSTANT_CONVERSION = YES;
				CLANG_WARN_DIRECT_OBJC_ISA_USAGE = YES_ERROR;
				CLANG_WARN_DOCUMENTATION_COMMENTS = YES;
				CLANG_WARN_EMPTY_BODY = YES;
				CLANG_WARN_ENUM_CONVERSION = YES;
				CLANG_WARN_INFINITE_RECURSION = YES;
				CLANG_WARN_INT_CONVERSION = YES;
				CLANG_WARN_NON_LITERAL_NULL_CONVERSION = YES;
				CLANG_WARN_OBJC_LITERAL_CONVERSION = YES;
				CLANG_WARN_OBJC_ROOT_CLASS = YES_ERROR;
				CLANG_WARN_RANGE_LOOP_ANALYSIS = YES;
				CLANG_WARN_STRICT_PROTOTYPES = YES;
				CLANG_WARN_SUSPICIOUS_MOVE = YES;
				CLANG_WARN_UNGUARDED_AVAILABILITY = YES_AGGRESSIVE;
				CLANG_WARN_UNREACHABLE_CODE = YES;
				CLANG_WARN__DUPLICATE_METHOD_MATCH = YES;
				CODE_SIGN_IDENTITY = "iPhone Developer";
				COPY_PHASE_STRIP = NO;
				DEBUG_INFORMATION_FORMAT = "dwarf-with-dsym";
				ENABLE_NS_ASSERTIONS = NO;
				ENABLE_STRICT_OBJC_MSGSEND = YES;
				GCC_C_LANGUAGE_STANDARD = gnu11;
				GCC_NO_COMMON_BLOCKS = YES;
				GCC_WARN_64_TO_32_BIT_CONVERSION = YES;
				GCC_WARN_ABOUT_RETURN_TYPE = YES_ERROR;
				GCC_WARN_UNDECLARED_SELECTOR = YES;
				GCC_WARN_UNINITIALIZED_AUTOS = YES_AGGRESSIVE;
				GCC_WARN_UNUSED_FUNCTION = YES;
				GCC_WARN_UNUSED_VARIABLE = YES;
				IPHONEOS_DEPLOYMENT_TARGET = 9.0;
				MTL_ENABLE_DEBUG_INFO = NO;
				SDKROOT = iphoneos;
				SWIFT_OPTIMIZATION_LEVEL = "-Owholemodule";
				VALIDATE_PRODUCT = YES;
			};
			name = Release;
		};
		03C0B9D620A49FAF00FF9665 /* Debug */ = {
			isa = XCBuildConfiguration;
			baseConfigurationReference = 725DE3A506DB328A9F1EEECC /* Pods-WolfNet.debug.xcconfig */;
			buildSettings = {
				ASSETCATALOG_COMPILER_APPICON_NAME = AppIcon;
				CODE_SIGN_STYLE = Automatic;
				INFOPLIST_FILE = WolfNet/Info.plist;
				IPHONEOS_DEPLOYMENT_TARGET = 9.0;
				LD_RUNPATH_SEARCH_PATHS = "$(inherited) @executable_path/Frameworks";
				PRODUCT_BUNDLE_IDENTIFIER = com.Tony.WolfNet;
				PRODUCT_NAME = "$(TARGET_NAME)";
				SWIFT_VERSION = 4.0;
				TARGETED_DEVICE_FAMILY = "1,2";
			};
			name = Debug;
		};
		03C0B9D720A49FAF00FF9665 /* Release */ = {
			isa = XCBuildConfiguration;
			baseConfigurationReference = 4471E72519F8A049FD928526 /* Pods-WolfNet.release.xcconfig */;
			buildSettings = {
				ASSETCATALOG_COMPILER_APPICON_NAME = AppIcon;
				CODE_SIGN_STYLE = Automatic;
				INFOPLIST_FILE = WolfNet/Info.plist;
				IPHONEOS_DEPLOYMENT_TARGET = 9.0;
				LD_RUNPATH_SEARCH_PATHS = "$(inherited) @executable_path/Frameworks";
				PRODUCT_BUNDLE_IDENTIFIER = com.Tony.WolfNet;
				PRODUCT_NAME = "$(TARGET_NAME)";
				SWIFT_VERSION = 4.0;
				TARGETED_DEVICE_FAMILY = "1,2";
			};
			name = Release;
		};
/* End XCBuildConfiguration section */

/* Begin XCConfigurationList section */
		03C0B9BE20A49FAF00FF9665 /* Build configuration list for PBXProject "WolfNet" */ = {
			isa = XCConfigurationList;
			buildConfigurations = (
				03C0B9D320A49FAF00FF9665 /* Debug */,
				03C0B9D420A49FAF00FF9665 /* Release */,
			);
			defaultConfigurationIsVisible = 0;
			defaultConfigurationName = Release;
		};
		03C0B9D520A49FAF00FF9665 /* Build configuration list for PBXNativeTarget "WolfNet" */ = {
			isa = XCConfigurationList;
			buildConfigurations = (
				03C0B9D620A49FAF00FF9665 /* Debug */,
				03C0B9D720A49FAF00FF9665 /* Release */,
			);
			defaultConfigurationIsVisible = 0;
			defaultConfigurationName = Release;
		};
/* End XCConfigurationList section */
	};
	rootObject = 03C0B9BB20A49FAF00FF9665 /* Project object */;
}
